{
  "nodes": {
    "NixOS-WSL": {
      "inputs": {
        "flake-compat": "flake-compat",
        "flake-utils": "flake-utils",
        "nixpkgs": [
          "nixpkgs"
        ]
      },
      "locked": {
        "lastModified": 1716640344,
        "narHash": "sha256-AZKQs+KrL70le0RZH8XqZJMc2SahU4LpfEJ2Vd5SWzM=",
        "owner": "nix-community",
        "repo": "NixOS-WSL",
        "rev": "020cd466170204e448b24b246045599fce69ad91",
        "type": "github"
      },
      "original": {
        "owner": "nix-community",
        "repo": "NixOS-WSL",
        "type": "github"
      }
    },
    "ags": {
      "inputs": {
        "nixpkgs": "nixpkgs"
      },
      "locked": {
        "lastModified": 1715703984,
        "narHash": "sha256-0BZkMui6aCqswMCouvp0G90tAxDOxVnxTvG6TDZsDaI=",
        "owner": "Aylur",
        "repo": "ags",
        "rev": "11150225e62462bcd431d1e55185e810190a730a",
        "type": "github"
      },
      "original": {
        "owner": "Aylur",
        "repo": "ags",
        "type": "github"
      }
    },
    "astal": {
      "inputs": {
        "nixpkgs": "nixpkgs_2"
      },
      "locked": {
        "lastModified": 1710876438,
        "narHash": "sha256-Uf6m0XD+ol7pb26QykZQmZoRdRkKDlLoCrYGiANMvuQ=",
        "owner": "Aylur",
        "repo": "astal",
        "rev": "4e4b4eb6b38ffdfbfc4ca87878817d075c8bd988",
        "type": "github"
      },
      "original": {
        "owner": "Aylur",
        "repo": "astal",
        "type": "github"
      }
    },
    "firefox-gnome-theme": {
      "flake": false,
      "locked": {
        "lastModified": 1716813977,
        "narHash": "sha256-8fabA8OY1n2OcJFbbE03+bMydVANSBrNGo8hkzhXxxU=",
        "owner": "rafaelmardojai",
        "repo": "firefox-gnome-theme",
        "rev": "8171c0578feb835ce66d49edba7429f46b7ac3f6",
        "type": "github"
      },
      "original": {
        "owner": "rafaelmardojai",
        "repo": "firefox-gnome-theme",
        "type": "github"
      }
    },
    "flake-compat": {
      "flake": false,
      "locked": {
        "lastModified": 1696426674,
        "narHash": "sha256-kvjfFW7WAETZlt09AgDn1MrtKzP7t90Vf7vypd3OL1U=",
        "owner": "edolstra",
        "repo": "flake-compat",
        "rev": "0f9255e01c2351cc7d116c072cb317785dd33b33",
        "type": "github"
      },
      "original": {
        "owner": "edolstra",
        "repo": "flake-compat",
        "type": "github"
      }
    },
    "flake-utils": {
      "inputs": {
        "systems": "systems"
      },
      "locked": {
        "lastModified": 1710146030,
        "narHash": "sha256-SZ5L6eA7HJ/nmkzGG7/ISclqe6oZdOZTNoesiInkXPQ=",
        "owner": "numtide",
        "repo": "flake-utils",
        "rev": "b1d9ab70662946ef0850d488da1c9019f3a9752a",
        "type": "github"
      },
      "original": {
        "owner": "numtide",
        "repo": "flake-utils",
        "type": "github"
      }
    },
    "home-manager": {
      "inputs": {
        "nixpkgs": [
          "nixpkgs"
        ]
      },
      "locked": {
        "lastModified": 1716847642,
        "narHash": "sha256-rjEswRV0o23eBBils8lJXyIGha+l/VjV73IPg+ztxgk=",
        "owner": "nix-community",
        "repo": "home-manager",
        "rev": "10c7c219b7dae5795fb67f465a0d86cbe29f25fa",
        "type": "github"
      },
      "original": {
        "owner": "nix-community",
        "repo": "home-manager",
        "type": "github"
      }
    },
    "nixos-hardware": {
      "locked": {
        "lastModified": 1716881121,
        "narHash": "sha256-oTf3enbe/lbiNzsyZ8ria+422hx4e/FB3xQcY2LPnJw=",
        "owner": "NixOS",
        "repo": "nixos-hardware",
        "rev": "806e9d4a933dd1e75592e88894d4bd2f296f5bbf",
        "type": "github"
      },
      "original": {
        "owner": "NixOS",
        "ref": "master",
        "repo": "nixos-hardware",
        "type": "github"
      }
    },
    "nixpkgs": {
      "locked": {
        "lastModified": 1708475490,
        "narHash": "sha256-g1v0TsWBQPX97ziznfJdWhgMyMGtoBFs102xSYO4syU=",
        "owner": "NixOS",
        "repo": "nixpkgs",
        "rev": "0e74ca98a74bc7270d28838369593635a5db3260",
        "type": "github"
      },
      "original": {
        "owner": "NixOS",
        "ref": "nixos-unstable",
        "repo": "nixpkgs",
        "type": "github"
      }
    },
    "nixpkgs_2": {
      "locked": {
        "lastModified": 1709237383,
        "narHash": "sha256-cy6ArO4k5qTx+l5o+0mL9f5fa86tYUX3ozE1S+Txlds=",
        "owner": "NixOS",
        "repo": "nixpkgs",
        "rev": "1536926ef5621b09bba54035ae2bb6d806d72ac8",
        "type": "github"
      },
      "original": {
        "owner": "NixOS",
        "ref": "nixos-unstable",
        "repo": "nixpkgs",
        "type": "github"
      }
    },
    "nixpkgs_3": {
      "locked": {
        "lastModified": 1716509168,
        "narHash": "sha256-4zSIhSRRIoEBwjbPm3YiGtbd8HDWzFxJjw5DYSDy1n8=",
        "owner": "NixOS",
        "repo": "nixpkgs",
        "rev": "bfb7a882678e518398ce9a31a881538679f6f092",
        "type": "github"
      },
      "original": {
        "owner": "NixOS",
        "ref": "nixos-unstable",
        "repo": "nixpkgs",
        "type": "github"
      }
    },
    "root": {
      "inputs": {
        "NixOS-WSL": "NixOS-WSL",
        "ags": "ags",
        "astal": "astal",
        "firefox-gnome-theme": "firefox-gnome-theme",
        "home-manager": "home-manager",
        "nixos-hardware": "nixos-hardware",
        "nixpkgs": "nixpkgs_3",
        "vimPlugins_fzf-mru-vim": "vimPlugins_fzf-mru-vim",
        "vimPlugins_outline-nvim": "vimPlugins_outline-nvim",
        "vimPlugins_telescope-bibtex-nvim": "vimPlugins_telescope-bibtex-nvim",
        "vimPlugins_toggle-lsp-diagnostics-nvim": "vimPlugins_toggle-lsp-diagnostics-nvim"
      }
    },
    "systems": {
      "locked": {
        "lastModified": 1681028828,
        "narHash": "sha256-Vy1rq5AaRuLzOxct8nz4T6wlgyUR7zLU309k9mBC768=",
        "owner": "nix-systems",
        "repo": "default",
        "rev": "da67096a3b9bf56a91d16901293e51ba5b49a27e",
        "type": "github"
      },
      "original": {
        "owner": "nix-systems",
        "repo": "default",
        "type": "github"
      }
    },
    "vimPlugins_fzf-mru-vim": {
      "flake": false,
      "locked": {
        "lastModified": 1669979726,
        "narHash": "sha256-djJwy/yGoSgt+RUkMjkGTWowVjerawVg5Ng8+XtA3mc=",
        "owner": "pbogut",
        "repo": "fzf-mru.vim",
        "rev": "5b47c29e66d0546000b2988c4c9dca53f3134f35",
        "type": "github"
      },
      "original": {
        "owner": "pbogut",
        "repo": "fzf-mru.vim",
        "type": "github"
      }
    },
    "vimPlugins_outline-nvim": {
      "flake": false,
      "locked": {
        "lastModified": 1716107517,
        "narHash": "sha256-E4ATen2fj7phSV8SgGJUcYaRKpRGfvgwQE8zS1TEf8Y=",
        "owner": "hedyhli",
        "repo": "outline.nvim",
        "rev": "139e363dd5a44f66a51041264aabe3884df4dd98",
        "type": "github"
      },
      "original": {
        "owner": "hedyhli",
        "repo": "outline.nvim",
        "type": "github"
      }
    },
    "vimPlugins_telescope-bibtex-nvim": {
      "flake": false,
      "locked": {
        "lastModified": 1711625265,
        "narHash": "sha256-xaGTJ69mknIn1esXw2maU03GnX85ficqXLD+ykkyi90=",
        "owner": "nvim-telescope",
        "repo": "telescope-bibtex.nvim",
        "rev": "289a6f86ebec06e8ae1590533b732b9981d84900",
        "type": "github"
      },
      "original": {
        "owner": "nvim-telescope",
        "repo": "telescope-bibtex.nvim",
        "type": "github"
      }
    },
    "vimPlugins_toggle-lsp-diagnostics-nvim": {
      "flake": false,
      "locked": {
        "lastModified": 1714511013,
        "narHash": "sha256-7yWZjlfO3OclvS4VAd5J7MaOkRPDvBP1xQyGizRzJgk=",
        "owner": "WhoIsSethDaniel",
        "repo": "toggle-lsp-diagnostics.nvim",
        "rev": "afcacba44d86df4c3c9752b869e78eb838f55765",
        "type": "github"
      },
      "original": {
        "owner": "WhoIsSethDaniel",
        "repo": "toggle-lsp-diagnostics.nvim",
        "type": "github"
      }
    }
  },
  "root": "root",
  "version": 7
}
