{
  "nodes": {
    "NixOS-WSL": {
      "inputs": {
        "flake-compat": "flake-compat",
        "flake-utils": "flake-utils",
        "nixpkgs": [
          "nixpkgs"
        ]
      },
      "locked": {
        "lastModified": 1716640344,
        "narHash": "sha256-AZKQs+KrL70le0RZH8XqZJMc2SahU4LpfEJ2Vd5SWzM=",
        "owner": "nix-community",
        "repo": "NixOS-WSL",
        "rev": "020cd466170204e448b24b246045599fce69ad91",
        "type": "github"
      },
      "original": {
        "owner": "nix-community",
        "repo": "NixOS-WSL",
        "type": "github"
      }
    },
    "dse-typewriter-font": {
      "flake": false,
      "locked": {
        "lastModified": 1648864790,
        "narHash": "sha256-/y74eLVHcnAoZVJCx53fPzvLnysxKO0XX7JrH/tuif8=",
        "owner": "dse",
        "repo": "dse-typewriter-font",
        "rev": "14859a1c2f38905c541d74c277c086e55a1483ae",
        "type": "github"
      },
      "original": {
        "owner": "dse",
        "repo": "dse-typewriter-font",
        "type": "github"
      }
    },
    "firefox-gnome-theme": {
      "flake": false,
      "locked": {
        "lastModified": 1716813977,
        "narHash": "sha256-8fabA8OY1n2OcJFbbE03+bMydVANSBrNGo8hkzhXxxU=",
        "owner": "rafaelmardojai",
        "repo": "firefox-gnome-theme",
        "rev": "8171c0578feb835ce66d49edba7429f46b7ac3f6",
        "type": "github"
      },
      "original": {
        "owner": "rafaelmardojai",
        "repo": "firefox-gnome-theme",
        "type": "github"
      }
    },
    "flake-compat": {
      "flake": false,
      "locked": {
        "lastModified": 1696426674,
        "narHash": "sha256-kvjfFW7WAETZlt09AgDn1MrtKzP7t90Vf7vypd3OL1U=",
        "owner": "edolstra",
        "repo": "flake-compat",
        "rev": "0f9255e01c2351cc7d116c072cb317785dd33b33",
        "type": "github"
      },
      "original": {
        "owner": "edolstra",
        "repo": "flake-compat",
        "type": "github"
      }
    },
    "flake-utils": {
      "inputs": {
        "systems": "systems"
      },
      "locked": {
        "lastModified": 1710146030,
        "narHash": "sha256-SZ5L6eA7HJ/nmkzGG7/ISclqe6oZdOZTNoesiInkXPQ=",
        "owner": "numtide",
        "repo": "flake-utils",
        "rev": "b1d9ab70662946ef0850d488da1c9019f3a9752a",
        "type": "github"
      },
      "original": {
        "owner": "numtide",
        "repo": "flake-utils",
        "type": "github"
      }
    },
    "home-manager": {
      "inputs": {
        "nixpkgs": [
          "nixpkgs"
        ]
      },
      "locked": {
        "lastModified": 1717316182,
        "narHash": "sha256-Xi0EpZcu39N0eW7apLjFfUOR9y80toyjYizez7J1wMI=",
        "owner": "nix-community",
        "repo": "home-manager",
        "rev": "9b53a10f4c91892f5af87cf55d08fba59ca086af",
        "type": "github"
      },
      "original": {
        "owner": "nix-community",
        "repo": "home-manager",
        "type": "github"
      }
    },
    "nixos-hardware": {
      "locked": {
        "lastModified": 1717248095,
        "narHash": "sha256-e8X2eWjAHJQT82AAN+mCI0B68cIDBJpqJ156+VRrFO0=",
        "owner": "NixOS",
        "repo": "nixos-hardware",
        "rev": "7b49d3967613d9aacac5b340ef158d493906ba79",
        "type": "github"
      },
      "original": {
        "owner": "NixOS",
        "ref": "master",
        "repo": "nixos-hardware",
        "type": "github"
      }
    },
    "nixpkgs": {
      "locked": {
        "lastModified": 1716948383,
        "narHash": "sha256-SzDKxseEcHR5KzPXLwsemyTR/kaM9whxeiJohbL04rs=",
        "owner": "NixOS",
        "repo": "nixpkgs",
        "rev": "ad57eef4ef0659193044870c731987a6df5cf56b",
        "type": "github"
      },
      "original": {
        "owner": "NixOS",
        "ref": "nixos-unstable",
        "repo": "nixpkgs",
        "type": "github"
      }
    },
    "root": {
      "inputs": {
        "NixOS-WSL": "NixOS-WSL",
        "dse-typewriter-font": "dse-typewriter-font",
        "firefox-gnome-theme": "firefox-gnome-theme",
        "home-manager": "home-manager",
        "nixos-hardware": "nixos-hardware",
        "nixpkgs": "nixpkgs",
        "vimPlugins_fzf-mru-vim": "vimPlugins_fzf-mru-vim",
        "vimPlugins_outline-nvim": "vimPlugins_outline-nvim"
      }
    },
    "systems": {
      "locked": {
        "lastModified": 1681028828,
        "narHash": "sha256-Vy1rq5AaRuLzOxct8nz4T6wlgyUR7zLU309k9mBC768=",
        "owner": "nix-systems",
        "repo": "default",
        "rev": "da67096a3b9bf56a91d16901293e51ba5b49a27e",
        "type": "github"
      },
      "original": {
        "owner": "nix-systems",
        "repo": "default",
        "type": "github"
      }
    },
    "vimPlugins_fzf-mru-vim": {
      "flake": false,
      "locked": {
        "lastModified": 1669979726,
        "narHash": "sha256-djJwy/yGoSgt+RUkMjkGTWowVjerawVg5Ng8+XtA3mc=",
        "owner": "pbogut",
        "repo": "fzf-mru.vim",
        "rev": "5b47c29e66d0546000b2988c4c9dca53f3134f35",
        "type": "github"
      },
      "original": {
        "owner": "pbogut",
        "repo": "fzf-mru.vim",
        "type": "github"
      }
    },
    "vimPlugins_outline-nvim": {
      "flake": false,
      "locked": {
        "lastModified": 1717026966,
        "narHash": "sha256-cig0Xu4xM+dfA2uUXsurUXUOwoul11hgKvOdPWdap0c=",
        "owner": "hedyhli",
        "repo": "outline.nvim",
        "rev": "6a91568110684ac056e62e3b2d7409d7c8b2e5e1",
        "type": "github"
      },
      "original": {
        "owner": "hedyhli",
        "repo": "outline.nvim",
        "type": "github"
      }
    }
  },
  "root": "root",
  "version": 7
}
